
Microsoft Visual Studio Solution File, Format Version 12.00
# Visual Studio Version 16
VisualStudioVersion = 16.0.29609.76
MinimumVisualStudioVersion = 10.0.40219.1
Project("{FAE04EC0-301F-11D3-BF4B-00C04F79EFBC}") = "NationalParksHiking", "NationalParksHiking\NationalParksHiking.csproj", "{CED0F54E-3119-4F08-A7D2-B198D685BD78}"
EndProject
Global
	GlobalSection(SolutionConfigurationPlatforms) = preSolution
		Debug|Any CPU = Debug|Any CPU
		Release|Any CPU = Release|Any CPU
	EndGlobalSection
	GlobalSection(ProjectConfigurationPlatforms) = postSolution
		{CED0F54E-3119-4F08-A7D2-B198D685BD78}.Debug|Any CPU.ActiveCfg = Debug|Any CPU
		{CED0F54E-3119-4F08-A7D2-B198D685BD78}.Debug|Any CPU.Build.0 = Debug|Any CPU
		{CED0F54E-3119-4F08-A7D2-B198D685BD78}.Release|Any CPU.ActiveCfg = Release|Any CPU
		{CED0F54E-3119-4F08-A7D2-B198D685BD78}.Release|Any CPU.Build.0 = Release|Any CPU
	EndGlobalSection
	GlobalSection(SolutionProperties) = preSolution
		HideSolutionNode = FALSE
	EndGlobalSection
	GlobalSection(ExtensibilityGlobals) = postSolution
		SolutionGuid = {9A510125-A6D9-4519-91E1-902207FA648C}
	EndGlobalSection
EndGlobal
